Microsoft Visual Studio Solution File, Format Version 9.00
# Visual Studio 2005
Project("{92A62FC0-B382-11E0-8B0D-F46D04D48D5F}") = "ClangReflectCore", "src\ClangReflectCore\ClangReflectCore.vcproj", "{92A433EE-B382-11E0-8F4B-F46D04D48D5F}"
EndProject
Project("{92A62FC1-B382-11E0-AEBF-F46D04D48D5F}") = "ClangReflectScan", "src\ClangReflectScan\ClangReflectScan.vcproj", "{92A56C70-B382-11E0-BE66-F46D04D48D5F}"
	ProjectSection(ProjectDependencies) = postProject
		{92A433EE-B382-11E0-8F4B-F46D04D48D5F} = {92A433EE-B382-11E0-8F4B-F46D04D48D5F}
	EndProjectSection
EndProject
Project("{92A62FC2-B382-11E0-B536-F46D04D48D5F}") = "ClangReflectMerge", "src\ClangReflectMerge\ClangReflectMerge.vcproj", "{92A5BA92-B382-11E0-9CE4-F46D04D48D5F}"
	ProjectSection(ProjectDependencies) = postProject
		{92A56C70-B382-11E0-BE66-F46D04D48D5F} = {92A56C70-B382-11E0-BE66-F46D04D48D5F}
	EndProjectSection
EndProject
Project("{92A656D0-B382-11E0-824A-F46D04D48D5F}") = "ClangReflectCpp", "src\ClangReflectCpp\ClangReflectCpp.vcproj", "{92A5E1A2-B382-11E0-A3EC-F46D04D48D5F}"
	ProjectSection(ProjectDependencies) = postProject
		{92A5BA92-B382-11E0-9CE4-F46D04D48D5F} = {92A5BA92-B382-11E0-9CE4-F46D04D48D5F}
	EndProjectSection
EndProject
Project("{92A656D1-B382-11E0-A9BB-F46D04D48D5F}") = "ClangReflectTest", "src\ClangReflectTest\ClangReflectTest.vcproj", "{A5E0A651-5786-4AC9-B118-6B3B55D7656B}"
	ProjectSection(ProjectDependencies) = postProject
		{92A5E1A2-B382-11E0-A3EC-F46D04D48D5F} = {92A5E1A2-B382-11E0-A3EC-F46D04D48D5F}
	EndProjectSection
EndProject
Global
	GlobalSection(SolutionConfigurationPlatforms) = preSolution
		Debug|Win32 = Debug|Win32
		Release|Win32 = Release|Win32
	EndGlobalSection
	GlobalSection(ProjectConfigurationPlatforms) = postSolution
		{92A433EE-B382-11E0-8F4B-F46D04D48D5F}.Debug|Win32.ActiveCfg = Debug|Win32
		{92A433EE-B382-11E0-8F4B-F46D04D48D5F}.Debug|Win32.Build.0 = Debug|Win32
		{92A433EE-B382-11E0-8F4B-F46D04D48D5F}.Release|Win32.ActiveCfg = Release|Win32
		{92A433EE-B382-11E0-8F4B-F46D04D48D5F}.Release|Win32.Build.0 = Release|Win32
		{92A56C70-B382-11E0-BE66-F46D04D48D5F}.Debug|Win32.ActiveCfg = Debug|Win32
		{92A56C70-B382-11E0-BE66-F46D04D48D5F}.Debug|Win32.Build.0 = Debug|Win32
		{92A56C70-B382-11E0-BE66-F46D04D48D5F}.Release|Win32.ActiveCfg = Release|Win32
		{92A56C70-B382-11E0-BE66-F46D04D48D5F}.Release|Win32.Build.0 = Release|Win32
		{92A5BA92-B382-11E0-9CE4-F46D04D48D5F}.Debug|Win32.ActiveCfg = Debug|Win32
		{92A5BA92-B382-11E0-9CE4-F46D04D48D5F}.Debug|Win32.Build.0 = Debug|Win32
		{92A5BA92-B382-11E0-9CE4-F46D04D48D5F}.Release|Win32.ActiveCfg = Release|Win32
		{92A5BA92-B382-11E0-9CE4-F46D04D48D5F}.Release|Win32.Build.0 = Release|Win32
		{92A5E1A2-B382-11E0-A3EC-F46D04D48D5F}.Debug|Win32.ActiveCfg = Debug|Win32
		{92A5E1A2-B382-11E0-A3EC-F46D04D48D5F}.Debug|Win32.Build.0 = Debug|Win32
		{92A5E1A2-B382-11E0-A3EC-F46D04D48D5F}.Release|Win32.ActiveCfg = Release|Win32
		{92A5E1A2-B382-11E0-A3EC-F46D04D48D5F}.Release|Win32.Build.0 = Release|Win32
		{A5E0A651-5786-4AC9-B118-6B3B55D7656B}.Debug|Win32.ActiveCfg = Debug|Win32
		{A5E0A651-5786-4AC9-B118-6B3B55D7656B}.Debug|Win32.Build.0 = Debug|Win32
		{A5E0A651-5786-4AC9-B118-6B3B55D7656B}.Release|Win32.ActiveCfg = Release|Win32
		{A5E0A651-5786-4AC9-B118-6B3B55D7656B}.Release|Win32.Build.0 = Release|Win32
	EndGlobalSection
	GlobalSection(SolutionProperties) = preSolution
		HideSolutionNode = FALSE
	EndGlobalSection
	GlobalSection(ExtensibilityGlobals) = postSolution
		PiBDigest = lBVpwnDwGwnDnmbf6gAoFg==
	EndGlobalSection
EndGlobal
