Microsoft Visual Studio Solution File, Format Version 9.00
# Visual Studio 2005
Project("{CE352C72-B2DE-11E0-946F-F46D04D48D5F}") = "ClangReflectCore", "src\ClangReflectCore\ClangReflectCore.vcproj", "{CE33309E-B2DE-11E0-866B-F46D04D48D5F}"
EndProject
Project("{CE355380-B2DE-11E0-B9E2-F46D04D48D5F}") = "ClangReflectScan", "src\ClangReflectScan\ClangReflectScan.vcproj", "{CE34691E-B2DE-11E0-887A-F46D04D48D5F}"
	ProjectSection(ProjectDependencies) = postProject
		{CE33309E-B2DE-11E0-866B-F46D04D48D5F} = {CE33309E-B2DE-11E0-866B-F46D04D48D5F}
	EndProjectSection
EndProject
Project("{CE355381-B2DE-11E0-B6FD-F46D04D48D5F}") = "ClangReflectMerge", "src\ClangReflectMerge\ClangReflectMerge.vcproj", "{CE34B740-B2DE-11E0-A111-F46D04D48D5F}"
	ProjectSection(ProjectDependencies) = postProject
		{CE34691E-B2DE-11E0-887A-F46D04D48D5F} = {CE34691E-B2DE-11E0-887A-F46D04D48D5F}
	EndProjectSection
EndProject
Project("{CE355382-B2DE-11E0-86D5-F46D04D48D5F}") = "ClangReflectCpp", "src\ClangReflectCpp\ClangReflectCpp.vcproj", "{CE350562-B2DE-11E0-A110-F46D04D48D5F}"
	ProjectSection(ProjectDependencies) = postProject
		{CE34B740-B2DE-11E0-A111-F46D04D48D5F} = {CE34B740-B2DE-11E0-A111-F46D04D48D5F}
	EndProjectSection
EndProject
Project("{CE355383-B2DE-11E0-B2EC-F46D04D48D5F}") = "ClangReflectTest", "src\ClangReflectTest\ClangReflectTest.vcproj", "{A5E0A651-5786-4AC9-B118-6B3B55D7656B}"
	ProjectSection(ProjectDependencies) = postProject
		{CE350562-B2DE-11E0-A110-F46D04D48D5F} = {CE350562-B2DE-11E0-A110-F46D04D48D5F}
	EndProjectSection
EndProject
Global
	GlobalSection(SolutionConfigurationPlatforms) = preSolution
		Debug|Win32 = Debug|Win32
		Release|Win32 = Release|Win32
	EndGlobalSection
	GlobalSection(ProjectConfigurationPlatforms) = postSolution
		{CE33309E-B2DE-11E0-866B-F46D04D48D5F}.Debug|Win32.ActiveCfg = Debug|Win32
		{CE33309E-B2DE-11E0-866B-F46D04D48D5F}.Debug|Win32.Build.0 = Debug|Win32
		{CE33309E-B2DE-11E0-866B-F46D04D48D5F}.Release|Win32.ActiveCfg = Release|Win32
		{CE33309E-B2DE-11E0-866B-F46D04D48D5F}.Release|Win32.Build.0 = Release|Win32
		{CE34691E-B2DE-11E0-887A-F46D04D48D5F}.Debug|Win32.ActiveCfg = Debug|Win32
		{CE34691E-B2DE-11E0-887A-F46D04D48D5F}.Debug|Win32.Build.0 = Debug|Win32
		{CE34691E-B2DE-11E0-887A-F46D04D48D5F}.Release|Win32.ActiveCfg = Release|Win32
		{CE34691E-B2DE-11E0-887A-F46D04D48D5F}.Release|Win32.Build.0 = Release|Win32
		{CE34B740-B2DE-11E0-A111-F46D04D48D5F}.Debug|Win32.ActiveCfg = Debug|Win32
		{CE34B740-B2DE-11E0-A111-F46D04D48D5F}.Debug|Win32.Build.0 = Debug|Win32
		{CE34B740-B2DE-11E0-A111-F46D04D48D5F}.Release|Win32.ActiveCfg = Release|Win32
		{CE34B740-B2DE-11E0-A111-F46D04D48D5F}.Release|Win32.Build.0 = Release|Win32
		{CE350562-B2DE-11E0-A110-F46D04D48D5F}.Debug|Win32.ActiveCfg = Debug|Win32
		{CE350562-B2DE-11E0-A110-F46D04D48D5F}.Debug|Win32.Build.0 = Debug|Win32
		{CE350562-B2DE-11E0-A110-F46D04D48D5F}.Release|Win32.ActiveCfg = Release|Win32
		{CE350562-B2DE-11E0-A110-F46D04D48D5F}.Release|Win32.Build.0 = Release|Win32
		{A5E0A651-5786-4AC9-B118-6B3B55D7656B}.Debug|Win32.ActiveCfg = Debug|Win32
		{A5E0A651-5786-4AC9-B118-6B3B55D7656B}.Debug|Win32.Build.0 = Debug|Win32
		{A5E0A651-5786-4AC9-B118-6B3B55D7656B}.Release|Win32.ActiveCfg = Release|Win32
		{A5E0A651-5786-4AC9-B118-6B3B55D7656B}.Release|Win32.Build.0 = Release|Win32
	EndGlobalSection
	GlobalSection(SolutionProperties) = preSolution
		HideSolutionNode = FALSE
	EndGlobalSection
	GlobalSection(ExtensibilityGlobals) = postSolution
		PiBDigest = lBVpwnDwGwnDnmbf6gAoFg==
	EndGlobalSection
EndGlobal
