Microsoft Visual Studio Solution File, Format Version 9.00
# Visual Studio 2005
Project("{DFE0E400-ABDB-11E0-8364-F46D04D48D5F}") = "ClangReflectScan", "src\ClangReflectScan\ClangReflectScan.vcproj", "{DFDF846E-ABDB-11E0-9C68-F46D04D48D5F}"
EndProject
Global
	GlobalSection(SolutionConfigurationPlatforms) = preSolution
		Debug|Win32 = Debug|Win32
		Release|Win32 = Release|Win32
	EndGlobalSection
	GlobalSection(ProjectConfigurationPlatforms) = postSolution
		{DFDF846E-ABDB-11E0-9C68-F46D04D48D5F}.Debug|Win32.ActiveCfg = Debug|Win32
		{DFDF846E-ABDB-11E0-9C68-F46D04D48D5F}.Debug|Win32.Build.0 = Debug|Win32
		{DFDF846E-ABDB-11E0-9C68-F46D04D48D5F}.Release|Win32.ActiveCfg = Release|Win32
		{DFDF846E-ABDB-11E0-9C68-F46D04D48D5F}.Release|Win32.Build.0 = Release|Win32
	EndGlobalSection
	GlobalSection(SolutionProperties) = preSolution
		HideSolutionNode = FALSE
	EndGlobalSection
	GlobalSection(ExtensibilityGlobals) = postSolution
		PiBDigest = qBjaXEEcl8mG7k3Fe96yhQ==
	EndGlobalSection
EndGlobal
