Microsoft Visual Studio Solution File, Format Version 9.00
# Visual Studio 2005
Project("{C72D34DE-0A22-11E1-B7C2-F46D04D48D5F}") = "clReflectCpp", "src\clReflectCpp\clReflectCpp.vcproj", "{C619A200-0A22-11E1-B5CF-F46D04D48D5F}"
EndProject
Project("{C72D34DF-0A22-11E1-A697-F46D04D48D5F}") = "clReflectUtil", "src\clReflectUtil\clReflectUtil.vcproj", "{C61C6122-0A22-11E1-85BF-F46D04D48D5F}"
	ProjectSection(ProjectDependencies) = postProject
		{C619A200-0A22-11E1-B5CF-F46D04D48D5F} = {C619A200-0A22-11E1-B5CF-F46D04D48D5F}
	EndProjectSection
EndProject
Project("{C72D5BF0-0A22-11E1-B33E-F46D04D48D5F}") = "clReflectCore", "src\clReflectCore\clReflectCore.vcproj", "{C622F0D0-0A22-11E1-9A8E-F46D04D48D5F}"
	ProjectSection(ProjectDependencies) = postProject
		{C61C6122-0A22-11E1-85BF-F46D04D48D5F} = {C61C6122-0A22-11E1-85BF-F46D04D48D5F}
	EndProjectSection
EndProject
Project("{C72D5BF1-0A22-11E1-8F3B-F46D04D48D5F}") = "clReflectScan", "src\clReflectScan\clReflectScan.vcproj", "{C674BA50-0A22-11E1-87DE-F46D04D48D5F}"
	ProjectSection(ProjectDependencies) = postProject
		{C622F0D0-0A22-11E1-9A8E-F46D04D48D5F} = {C622F0D0-0A22-11E1-9A8E-F46D04D48D5F}
	EndProjectSection
EndProject
Project("{C72D5BF2-0A22-11E1-8990-F46D04D48D5F}") = "clReflectMerge", "src\clReflectMerge\clReflectMerge.vcproj", "{C6788AE2-0A22-11E1-B586-F46D04D48D5F}"
	ProjectSection(ProjectDependencies) = postProject
		{C674BA50-0A22-11E1-87DE-F46D04D48D5F} = {C674BA50-0A22-11E1-87DE-F46D04D48D5F}
	EndProjectSection
EndProject
Project("{C72D8300-0A22-11E1-9111-F46D04D48D5F}") = "clReflectExport", "src\clReflectExport\clReflectExport.vcproj", "{C67F1A92-0A22-11E1-B78F-F46D04D48D5F}"
	ProjectSection(ProjectDependencies) = postProject
		{C6788AE2-0A22-11E1-B586-F46D04D48D5F} = {C6788AE2-0A22-11E1-B586-F46D04D48D5F}
	EndProjectSection
EndProject
Project("{C72D8301-0A22-11E1-A8BB-F46D04D48D5F}") = "clReflectTest", "src\clReflectTest\clReflectTest.vcproj", "{C72C4A80-0A22-11E1-8E10-F46D04D48D5F}"
	ProjectSection(ProjectDependencies) = postProject
		{C67F1A92-0A22-11E1-B78F-F46D04D48D5F} = {C67F1A92-0A22-11E1-B78F-F46D04D48D5F}
	EndProjectSection
EndProject
Global
	GlobalSection(SolutionConfigurationPlatforms) = preSolution
		Debug|Win32 = Debug|Win32
		Release|Win32 = Release|Win32
	EndGlobalSection
	GlobalSection(ProjectConfigurationPlatforms) = postSolution
		{C619A200-0A22-11E1-B5CF-F46D04D48D5F}.Debug|Win32.ActiveCfg = Debug|Win32
		{C619A200-0A22-11E1-B5CF-F46D04D48D5F}.Debug|Win32.Build.0 = Debug|Win32
		{C619A200-0A22-11E1-B5CF-F46D04D48D5F}.Release|Win32.ActiveCfg = Release|Win32
		{C619A200-0A22-11E1-B5CF-F46D04D48D5F}.Release|Win32.Build.0 = Release|Win32
		{C61C6122-0A22-11E1-85BF-F46D04D48D5F}.Debug|Win32.ActiveCfg = Debug|Win32
		{C61C6122-0A22-11E1-85BF-F46D04D48D5F}.Debug|Win32.Build.0 = Debug|Win32
		{C61C6122-0A22-11E1-85BF-F46D04D48D5F}.Release|Win32.ActiveCfg = Release|Win32
		{C61C6122-0A22-11E1-85BF-F46D04D48D5F}.Release|Win32.Build.0 = Release|Win32
		{C622F0D0-0A22-11E1-9A8E-F46D04D48D5F}.Debug|Win32.ActiveCfg = Debug|Win32
		{C622F0D0-0A22-11E1-9A8E-F46D04D48D5F}.Debug|Win32.Build.0 = Debug|Win32
		{C622F0D0-0A22-11E1-9A8E-F46D04D48D5F}.Release|Win32.ActiveCfg = Release|Win32
		{C622F0D0-0A22-11E1-9A8E-F46D04D48D5F}.Release|Win32.Build.0 = Release|Win32
		{C674BA50-0A22-11E1-87DE-F46D04D48D5F}.Debug|Win32.ActiveCfg = Debug|Win32
		{C674BA50-0A22-11E1-87DE-F46D04D48D5F}.Debug|Win32.Build.0 = Debug|Win32
		{C674BA50-0A22-11E1-87DE-F46D04D48D5F}.Release|Win32.ActiveCfg = Release|Win32
		{C674BA50-0A22-11E1-87DE-F46D04D48D5F}.Release|Win32.Build.0 = Release|Win32
		{C6788AE2-0A22-11E1-B586-F46D04D48D5F}.Debug|Win32.ActiveCfg = Debug|Win32
		{C6788AE2-0A22-11E1-B586-F46D04D48D5F}.Debug|Win32.Build.0 = Debug|Win32
		{C6788AE2-0A22-11E1-B586-F46D04D48D5F}.Release|Win32.ActiveCfg = Release|Win32
		{C6788AE2-0A22-11E1-B586-F46D04D48D5F}.Release|Win32.Build.0 = Release|Win32
		{C67F1A92-0A22-11E1-B78F-F46D04D48D5F}.Debug|Win32.ActiveCfg = Debug|Win32
		{C67F1A92-0A22-11E1-B78F-F46D04D48D5F}.Debug|Win32.Build.0 = Debug|Win32
		{C67F1A92-0A22-11E1-B78F-F46D04D48D5F}.Release|Win32.ActiveCfg = Release|Win32
		{C67F1A92-0A22-11E1-B78F-F46D04D48D5F}.Release|Win32.Build.0 = Release|Win32
		{C72C4A80-0A22-11E1-8E10-F46D04D48D5F}.Debug|Win32.ActiveCfg = Debug|Win32
		{C72C4A80-0A22-11E1-8E10-F46D04D48D5F}.Debug|Win32.Build.0 = Debug|Win32
		{C72C4A80-0A22-11E1-8E10-F46D04D48D5F}.Release|Win32.ActiveCfg = Release|Win32
		{C72C4A80-0A22-11E1-8E10-F46D04D48D5F}.Release|Win32.Build.0 = Release|Win32
	EndGlobalSection
	GlobalSection(SolutionProperties) = preSolution
		HideSolutionNode = FALSE
	EndGlobalSection
	GlobalSection(ExtensibilityGlobals) = postSolution
		PiBDigest = yb-YxePDjZ3Zq2NK3fWvXA==
	EndGlobalSection
EndGlobal
