Microsoft Visual Studio Solution File, Format Version 9.00
# Visual Studio 2005
Project("{117533F4-C8BE-11E0-8559-F46D04D48D5F}") = "clReflectCpp", "src\clReflectCpp\clReflectCpp.vcproj", "{1172EA00-C8BE-11E0-9669-F46D04D48D5F}"
EndProject
Project("{117533F5-C8BE-11E0-97B2-F46D04D48D5F}") = "clReflectCore", "src\clReflectCore\clReflectCore.vcproj", "{1172EA03-C8BE-11E0-A83A-F46D04D48D5F}"
	ProjectSection(ProjectDependencies) = postProject
		{1172EA00-C8BE-11E0-9669-F46D04D48D5F} = {1172EA00-C8BE-11E0-9669-F46D04D48D5F}
	EndProjectSection
EndProject
Project("{117533F6-C8BE-11E0-A387-F46D04D48D5F}") = "clReflectScan", "src\clReflectScan\clReflectScan.vcproj", "{117533F0-C8BE-11E0-B6AB-F46D04D48D5F}"
	ProjectSection(ProjectDependencies) = postProject
		{1172EA03-C8BE-11E0-A83A-F46D04D48D5F} = {1172EA03-C8BE-11E0-A83A-F46D04D48D5F}
	EndProjectSection
EndProject
Project("{117533F7-C8BE-11E0-84C2-F46D04D48D5F}") = "clReflectMerge", "src\clReflectMerge\clReflectMerge.vcproj", "{117533F1-C8BE-11E0-AC01-F46D04D48D5F}"
	ProjectSection(ProjectDependencies) = postProject
		{117533F0-C8BE-11E0-B6AB-F46D04D48D5F} = {117533F0-C8BE-11E0-B6AB-F46D04D48D5F}
	EndProjectSection
EndProject
Project("{117533F8-C8BE-11E0-B627-F46D04D48D5F}") = "clReflectExport", "src\clReflectExport\clReflectExport.vcproj", "{117533F2-C8BE-11E0-9089-F46D04D48D5F}"
	ProjectSection(ProjectDependencies) = postProject
		{117533F1-C8BE-11E0-AC01-F46D04D48D5F} = {117533F1-C8BE-11E0-AC01-F46D04D48D5F}
	EndProjectSection
EndProject
Project("{117533F9-C8BE-11E0-91C9-F46D04D48D5F}") = "clReflectTest", "src\clReflectTest\clReflectTest.vcproj", "{117533F3-C8BE-11E0-BA3F-F46D04D48D5F}"
	ProjectSection(ProjectDependencies) = postProject
		{117533F2-C8BE-11E0-9089-F46D04D48D5F} = {117533F2-C8BE-11E0-9089-F46D04D48D5F}
	EndProjectSection
EndProject
Global
	GlobalSection(SolutionConfigurationPlatforms) = preSolution
		Debug|Win32 = Debug|Win32
		Release|Win32 = Release|Win32
	EndGlobalSection
	GlobalSection(ProjectConfigurationPlatforms) = postSolution
		{1172EA00-C8BE-11E0-9669-F46D04D48D5F}.Debug|Win32.ActiveCfg = Debug|Win32
		{1172EA00-C8BE-11E0-9669-F46D04D48D5F}.Debug|Win32.Build.0 = Debug|Win32
		{1172EA00-C8BE-11E0-9669-F46D04D48D5F}.Release|Win32.ActiveCfg = Release|Win32
		{1172EA00-C8BE-11E0-9669-F46D04D48D5F}.Release|Win32.Build.0 = Release|Win32
		{1172EA03-C8BE-11E0-A83A-F46D04D48D5F}.Debug|Win32.ActiveCfg = Debug|Win32
		{1172EA03-C8BE-11E0-A83A-F46D04D48D5F}.Debug|Win32.Build.0 = Debug|Win32
		{1172EA03-C8BE-11E0-A83A-F46D04D48D5F}.Release|Win32.ActiveCfg = Release|Win32
		{1172EA03-C8BE-11E0-A83A-F46D04D48D5F}.Release|Win32.Build.0 = Release|Win32
		{117533F0-C8BE-11E0-B6AB-F46D04D48D5F}.Debug|Win32.ActiveCfg = Debug|Win32
		{117533F0-C8BE-11E0-B6AB-F46D04D48D5F}.Debug|Win32.Build.0 = Debug|Win32
		{117533F0-C8BE-11E0-B6AB-F46D04D48D5F}.Release|Win32.ActiveCfg = Release|Win32
		{117533F0-C8BE-11E0-B6AB-F46D04D48D5F}.Release|Win32.Build.0 = Release|Win32
		{117533F1-C8BE-11E0-AC01-F46D04D48D5F}.Debug|Win32.ActiveCfg = Debug|Win32
		{117533F1-C8BE-11E0-AC01-F46D04D48D5F}.Debug|Win32.Build.0 = Debug|Win32
		{117533F1-C8BE-11E0-AC01-F46D04D48D5F}.Release|Win32.ActiveCfg = Release|Win32
		{117533F1-C8BE-11E0-AC01-F46D04D48D5F}.Release|Win32.Build.0 = Release|Win32
		{117533F2-C8BE-11E0-9089-F46D04D48D5F}.Debug|Win32.ActiveCfg = Debug|Win32
		{117533F2-C8BE-11E0-9089-F46D04D48D5F}.Debug|Win32.Build.0 = Debug|Win32
		{117533F2-C8BE-11E0-9089-F46D04D48D5F}.Release|Win32.ActiveCfg = Release|Win32
		{117533F2-C8BE-11E0-9089-F46D04D48D5F}.Release|Win32.Build.0 = Release|Win32
		{117533F3-C8BE-11E0-BA3F-F46D04D48D5F}.Debug|Win32.ActiveCfg = Debug|Win32
		{117533F3-C8BE-11E0-BA3F-F46D04D48D5F}.Debug|Win32.Build.0 = Debug|Win32
		{117533F3-C8BE-11E0-BA3F-F46D04D48D5F}.Release|Win32.ActiveCfg = Release|Win32
		{117533F3-C8BE-11E0-BA3F-F46D04D48D5F}.Release|Win32.Build.0 = Release|Win32
	EndGlobalSection
	GlobalSection(SolutionProperties) = preSolution
		HideSolutionNode = FALSE
	EndGlobalSection
	GlobalSection(ExtensibilityGlobals) = postSolution
		PiBDigest = fa4mLnRvVpmWwOXayPE9SQ==
	EndGlobalSection
EndGlobal
