Microsoft Visual Studio Solution File, Format Version 9.00
# Visual Studio 2005
Project("{51A8B780-C71F-11E0-B7C8-F46D04D48D5F}") = "clReflectCpp", "src\clReflectCpp\clReflectCpp.vcproj", "{308549AE-C71F-11E0-A34E-F46D04D48D5F}"
EndProject
Project("{51A8B781-C71F-11E0-8141-F46D04D48D5F}") = "clReflectCore", "src\clReflectCore\clReflectCore.vcproj", "{51A709D0-C71F-11E0-B504-F46D04D48D5F}"
	ProjectSection(ProjectDependencies) = postProject
		{308549AE-C71F-11E0-A34E-F46D04D48D5F} = {308549AE-C71F-11E0-A34E-F46D04D48D5F}
	EndProjectSection
EndProject
Project("{51A8DE90-C71F-11E0-BA04-F46D04D48D5F}") = "clReflectScan", "src\clReflectScan\clReflectScan.vcproj", "{51A77F00-C71F-11E0-8F5F-F46D04D48D5F}"
	ProjectSection(ProjectDependencies) = postProject
		{51A709D0-C71F-11E0-B504-F46D04D48D5F} = {51A709D0-C71F-11E0-B504-F46D04D48D5F}
	EndProjectSection
EndProject
Project("{51A8DE91-C71F-11E0-9FC9-F46D04D48D5F}") = "clReflectMerge", "src\clReflectMerge\clReflectMerge.vcproj", "{51A7CD22-C71F-11E0-ABA5-F46D04D48D5F}"
	ProjectSection(ProjectDependencies) = postProject
		{51A77F00-C71F-11E0-8F5F-F46D04D48D5F} = {51A77F00-C71F-11E0-8F5F-F46D04D48D5F}
	EndProjectSection
EndProject
Project("{51A8DE92-C71F-11E0-8CEA-F46D04D48D5F}") = "clReflectExport", "src\clReflectExport\clReflectExport.vcproj", "{51A81B40-C71F-11E0-BDB0-F46D04D48D5F}"
	ProjectSection(ProjectDependencies) = postProject
		{51A7CD22-C71F-11E0-ABA5-F46D04D48D5F} = {51A7CD22-C71F-11E0-ABA5-F46D04D48D5F}
	EndProjectSection
EndProject
Project("{51A8DE93-C71F-11E0-B8CC-F46D04D48D5F}") = "clReflectTest", "src\clReflectTest\clReflectTest.vcproj", "{51A8695E-C71F-11E0-8879-F46D04D48D5F}"
	ProjectSection(ProjectDependencies) = postProject
		{51A81B40-C71F-11E0-BDB0-F46D04D48D5F} = {51A81B40-C71F-11E0-BDB0-F46D04D48D5F}
	EndProjectSection
EndProject
Global
	GlobalSection(SolutionConfigurationPlatforms) = preSolution
		Debug|Win32 = Debug|Win32
		Release|Win32 = Release|Win32
	EndGlobalSection
	GlobalSection(ProjectConfigurationPlatforms) = postSolution
		{308549AE-C71F-11E0-A34E-F46D04D48D5F}.Debug|Win32.ActiveCfg = Debug|Win32
		{308549AE-C71F-11E0-A34E-F46D04D48D5F}.Debug|Win32.Build.0 = Debug|Win32
		{308549AE-C71F-11E0-A34E-F46D04D48D5F}.Release|Win32.ActiveCfg = Release|Win32
		{308549AE-C71F-11E0-A34E-F46D04D48D5F}.Release|Win32.Build.0 = Release|Win32
		{51A709D0-C71F-11E0-B504-F46D04D48D5F}.Debug|Win32.ActiveCfg = Debug|Win32
		{51A709D0-C71F-11E0-B504-F46D04D48D5F}.Debug|Win32.Build.0 = Debug|Win32
		{51A709D0-C71F-11E0-B504-F46D04D48D5F}.Release|Win32.ActiveCfg = Release|Win32
		{51A709D0-C71F-11E0-B504-F46D04D48D5F}.Release|Win32.Build.0 = Release|Win32
		{51A77F00-C71F-11E0-8F5F-F46D04D48D5F}.Debug|Win32.ActiveCfg = Debug|Win32
		{51A77F00-C71F-11E0-8F5F-F46D04D48D5F}.Debug|Win32.Build.0 = Debug|Win32
		{51A77F00-C71F-11E0-8F5F-F46D04D48D5F}.Release|Win32.ActiveCfg = Release|Win32
		{51A77F00-C71F-11E0-8F5F-F46D04D48D5F}.Release|Win32.Build.0 = Release|Win32
		{51A7CD22-C71F-11E0-ABA5-F46D04D48D5F}.Debug|Win32.ActiveCfg = Debug|Win32
		{51A7CD22-C71F-11E0-ABA5-F46D04D48D5F}.Debug|Win32.Build.0 = Debug|Win32
		{51A7CD22-C71F-11E0-ABA5-F46D04D48D5F}.Release|Win32.ActiveCfg = Release|Win32
		{51A7CD22-C71F-11E0-ABA5-F46D04D48D5F}.Release|Win32.Build.0 = Release|Win32
		{51A81B40-C71F-11E0-BDB0-F46D04D48D5F}.Debug|Win32.ActiveCfg = Debug|Win32
		{51A81B40-C71F-11E0-BDB0-F46D04D48D5F}.Debug|Win32.Build.0 = Debug|Win32
		{51A81B40-C71F-11E0-BDB0-F46D04D48D5F}.Release|Win32.ActiveCfg = Release|Win32
		{51A81B40-C71F-11E0-BDB0-F46D04D48D5F}.Release|Win32.Build.0 = Release|Win32
		{51A8695E-C71F-11E0-8879-F46D04D48D5F}.Debug|Win32.ActiveCfg = Debug|Win32
		{51A8695E-C71F-11E0-8879-F46D04D48D5F}.Debug|Win32.Build.0 = Debug|Win32
		{51A8695E-C71F-11E0-8879-F46D04D48D5F}.Release|Win32.ActiveCfg = Release|Win32
		{51A8695E-C71F-11E0-8879-F46D04D48D5F}.Release|Win32.Build.0 = Release|Win32
	EndGlobalSection
	GlobalSection(SolutionProperties) = preSolution
		HideSolutionNode = FALSE
	EndGlobalSection
	GlobalSection(ExtensibilityGlobals) = postSolution
		PiBDigest = fa4mLnRvVpmWwOXayPE9SQ==
	EndGlobalSection
EndGlobal
